{
  "version": 4,
  "terraform_version": "1.8.2",
  "serial": 18,
  "lineage": "65112759-b049-2bf0-d83c-6f88e0699d27",
  "outputs": {
    "firewall_rules": {
      "value": {
        "dev_testing_vpc": {
          "firewall_rules": {
            "aks_subnet": {
              "firewall_rules": {
                "firewall_Egress": "aks-egress1",
                "firewall_Ingress": "aks-ingress1"
              }
            },
            "postgres_subnet": {
              "firewall_rules": {}
            },
            "sql_subnet": {
              "firewall_rules": {
                "firewall_Egress": "sql-egress1",
                "firewall_Ingress": "sql-ingress1"
              }
            }
          },
          "ip_cidr_range": {
            "aks_subnet": "10.2.0.0/24",
            "postgres_subnet": "10.2.2.0/24",
            "sql_subnet": "10.2.1.0/24"
          },
          "nat": {
            "aks_subnet": "aks-nat1"
          },
          "router": {
            "aks_subnet": "aks-router1"
          },
          "subnets_output": {
            "aks_subnet": "aks-subnet1",
            "postgres_subnet": "postgres-subnet1",
            "sql_subnet": "sql-subnet1"
          }
        },
        "operations_vpc": {
          "firewall_rules": {
            "gateway_subnet": {
              "firewall_rules": {
                "firewall_Egress": "gateway-egress1",
                "firewall_Ingress": "gateway-ingress1"
              }
            },
            "jumphost_subnet": {
              "firewall_rules": {
                "firewall_Egress": "jumphost-egress1",
                "firewall_Ingress": "jumphost-ingress1"
              }
            }
          },
          "ip_cidr_range": {
            "gateway_subnet": "10.3.0.0/28",
            "jumphost_subnet": "10.1.0.0/16"
          },
          "nat": {},
          "router": {},
          "subnets_output": {
            "gateway_subnet": "gateway-subnet1",
            "jumphost_subnet": "jumphost-subnet1"
          }
        }
      },
      "type": [
        "object",
        {
          "dev_testing_vpc": [
            "object",
            {
              "firewall_rules": [
                "object",
                {
                  "aks_subnet": [
                    "object",
                    {
                      "firewall_rules": [
                        "object",
                        {
                          "firewall_Egress": "string",
                          "firewall_Ingress": "string"
                        }
                      ]
                    }
                  ],
                  "postgres_subnet": [
                    "object",
                    {
                      "firewall_rules": [
                        "object",
                        {}
                      ]
                    }
                  ],
                  "sql_subnet": [
                    "object",
                    {
                      "firewall_rules": [
                        "object",
                        {
                          "firewall_Egress": "string",
                          "firewall_Ingress": "string"
                        }
                      ]
                    }
                  ]
                }
              ],
              "ip_cidr_range": [
                "object",
                {
                  "aks_subnet": "string",
                  "postgres_subnet": "string",
                  "sql_subnet": "string"
                }
              ],
              "nat": [
                "object",
                {
                  "aks_subnet": "string"
                }
              ],
              "router": [
                "object",
                {
                  "aks_subnet": "string"
                }
              ],
              "subnets_output": [
                "object",
                {
                  "aks_subnet": "string",
                  "postgres_subnet": "string",
                  "sql_subnet": "string"
                }
              ]
            }
          ],
          "operations_vpc": [
            "object",
            {
              "firewall_rules": [
                "object",
                {
                  "gateway_subnet": [
                    "object",
                    {
                      "firewall_rules": [
                        "object",
                        {
                          "firewall_Egress": "string",
                          "firewall_Ingress": "string"
                        }
                      ]
                    }
                  ],
                  "jumphost_subnet": [
                    "object",
                    {
                      "firewall_rules": [
                        "object",
                        {
                          "firewall_Egress": "string",
                          "firewall_Ingress": "string"
                        }
                      ]
                    }
                  ]
                }
              ],
              "ip_cidr_range": [
                "object",
                {
                  "gateway_subnet": "string",
                  "jumphost_subnet": "string"
                }
              ],
              "nat": [
                "object",
                {}
              ],
              "router": [
                "object",
                {}
              ],
              "subnets_output": [
                "object",
                {
                  "gateway_subnet": "string",
                  "jumphost_subnet": "string"
                }
              ]
            }
          ]
        }
      ]
    },
    "ip_range_aks_subnet": {
      "value": "10.2.0.0/24",
      "type": "string"
    },
    "ip_range_gateway_subnet": {
      "value": "10.3.0.0/28",
      "type": "string"
    },
    "ip_range_jumphost_subnet": {
      "value": "10.1.0.0/16",
      "type": "string"
    },
    "ip_range_postgres_subnet": {
      "value": "10.2.2.0/24",
      "type": "string"
    },
    "ip_range_sql_subnet": {
      "value": "10.2.1.0/24",
      "type": "string"
    },
    "nat": {
      "value": {
        "aks_subnet": "aks-nat1"
      },
      "type": [
        "object",
        {
          "aks_subnet": "string"
        }
      ]
    },
    "router": {
      "value": {
        "aks_subnet": "aks-router1"
      },
      "type": [
        "object",
        {
          "aks_subnet": "string"
        }
      ]
    },
    "subnets": {
      "value": {
        "dev_testing_vpc": {
          "firewall_rules": {
            "aks_subnet": {
              "firewall_rules": {
                "firewall_Egress": "aks-egress1",
                "firewall_Ingress": "aks-ingress1"
              }
            },
            "postgres_subnet": {
              "firewall_rules": {}
            },
            "sql_subnet": {
              "firewall_rules": {
                "firewall_Egress": "sql-egress1",
                "firewall_Ingress": "sql-ingress1"
              }
            }
          },
          "ip_cidr_range": {
            "aks_subnet": "10.2.0.0/24",
            "postgres_subnet": "10.2.2.0/24",
            "sql_subnet": "10.2.1.0/24"
          },
          "nat": {
            "aks_subnet": "aks-nat1"
          },
          "router": {
            "aks_subnet": "aks-router1"
          },
          "subnets_output": {
            "aks_subnet": "aks-subnet1",
            "postgres_subnet": "postgres-subnet1",
            "sql_subnet": "sql-subnet1"
          }
        },
        "operations_vpc": {
          "firewall_rules": {
            "gateway_subnet": {
              "firewall_rules": {
                "firewall_Egress": "gateway-egress1",
                "firewall_Ingress": "gateway-ingress1"
              }
            },
            "jumphost_subnet": {
              "firewall_rules": {
                "firewall_Egress": "jumphost-egress1",
                "firewall_Ingress": "jumphost-ingress1"
              }
            }
          },
          "ip_cidr_range": {
            "gateway_subnet": "10.3.0.0/28",
            "jumphost_subnet": "10.1.0.0/16"
          },
          "nat": {},
          "router": {},
          "subnets_output": {
            "gateway_subnet": "gateway-subnet1",
            "jumphost_subnet": "jumphost-subnet1"
          }
        }
      },
      "type": [
        "object",
        {
          "dev_testing_vpc": [
            "object",
            {
              "firewall_rules": [
                "object",
                {
                  "aks_subnet": [
                    "object",
                    {
                      "firewall_rules": [
                        "object",
                        {
                          "firewall_Egress": "string",
                          "firewall_Ingress": "string"
                        }
                      ]
                    }
                  ],
                  "postgres_subnet": [
                    "object",
                    {
                      "firewall_rules": [
                        "object",
                        {}
                      ]
                    }
                  ],
                  "sql_subnet": [
                    "object",
                    {
                      "firewall_rules": [
                        "object",
                        {
                          "firewall_Egress": "string",
                          "firewall_Ingress": "string"
                        }
                      ]
                    }
                  ]
                }
              ],
              "ip_cidr_range": [
                "object",
                {
                  "aks_subnet": "string",
                  "postgres_subnet": "string",
                  "sql_subnet": "string"
                }
              ],
              "nat": [
                "object",
                {
                  "aks_subnet": "string"
                }
              ],
              "router": [
                "object",
                {
                  "aks_subnet": "string"
                }
              ],
              "subnets_output": [
                "object",
                {
                  "aks_subnet": "string",
                  "postgres_subnet": "string",
                  "sql_subnet": "string"
                }
              ]
            }
          ],
          "operations_vpc": [
            "object",
            {
              "firewall_rules": [
                "object",
                {
                  "gateway_subnet": [
                    "object",
                    {
                      "firewall_rules": [
                        "object",
                        {
                          "firewall_Egress": "string",
                          "firewall_Ingress": "string"
                        }
                      ]
                    }
                  ],
                  "jumphost_subnet": [
                    "object",
                    {
                      "firewall_rules": [
                        "object",
                        {
                          "firewall_Egress": "string",
                          "firewall_Ingress": "string"
                        }
                      ]
                    }
                  ]
                }
              ],
              "ip_cidr_range": [
                "object",
                {
                  "gateway_subnet": "string",
                  "jumphost_subnet": "string"
                }
              ],
              "nat": [
                "object",
                {}
              ],
              "router": [
                "object",
                {}
              ],
              "subnets_output": [
                "object",
                {
                  "gateway_subnet": "string",
                  "jumphost_subnet": "string"
                }
              ]
            }
          ]
        }
      ]
    },
    "vpcs": {
      "value": {
        "dev_testing_vpc": "dev-testing-vpc1",
        "operations_vpc": "operations-vpc1"
      },
      "type": [
        "object",
        {
          "dev_testing_vpc": "string",
          "operations_vpc": "string"
        }
      ]
    }
  },
  "resources": [
    {
      "module": "module.vpc",
      "mode": "managed",
      "type": "google_compute_network",
      "name": "vpc_network",
      "provider": "provider[\"registry.terraform.io/hashicorp/google\"]",
      "instances": [
        {
          "index_key": "dev_testing_vpc",
          "schema_version": 0,
          "attributes": {
            "auto_create_subnetworks": false,
            "delete_default_routes_on_create": false,
            "description": "",
            "enable_ula_internal_ipv6": false,
            "gateway_ipv4": "",
            "id": "projects/base-gcp-421210/global/networks/dev-testing-vpc1",
            "internal_ipv6_range": "",
            "mtu": 0,
            "name": "dev-testing-vpc1",
            "network_firewall_policy_enforcement_order": "AFTER_CLASSIC_FIREWALL",
            "numeric_id": "1884164574891459146",
            "project": "base-gcp-421210",
            "routing_mode": "REGIONAL",
            "self_link": "https://www.googleapis.com/compute/v1/projects/base-gcp-421210/global/networks/dev-testing-vpc1",
            "timeouts": null
          },
          "sensitive_attributes": [],
          "private": "eyJlMmJmYjczMC1lY2FhLTExZTYtOGY4OC0zNDM2M2JjN2M0YzAiOnsiY3JlYXRlIjoxMjAwMDAwMDAwMDAwLCJkZWxldGUiOjEyMDAwMDAwMDAwMDAsInVwZGF0ZSI6MTIwMDAwMDAwMDAwMH19"
        },
        {
          "index_key": "operations_vpc",
          "schema_version": 0,
          "attributes": {
            "auto_create_subnetworks": false,
            "delete_default_routes_on_create": false,
            "description": "",
            "enable_ula_internal_ipv6": false,
            "gateway_ipv4": "",
            "id": "projects/base-gcp-421210/global/networks/operations-vpc1",
            "internal_ipv6_range": "",
            "mtu": 0,
            "name": "operations-vpc1",
            "network_firewall_policy_enforcement_order": "AFTER_CLASSIC_FIREWALL",
            "numeric_id": "8097101245506372170",
            "project": "base-gcp-421210",
            "routing_mode": "REGIONAL",
            "self_link": "https://www.googleapis.com/compute/v1/projects/base-gcp-421210/global/networks/operations-vpc1",
            "timeouts": null
          },
          "sensitive_attributes": [],
          "private": "eyJlMmJmYjczMC1lY2FhLTExZTYtOGY4OC0zNDM2M2JjN2M0YzAiOnsiY3JlYXRlIjoxMjAwMDAwMDAwMDAwLCJkZWxldGUiOjEyMDAwMDAwMDAwMDAsInVwZGF0ZSI6MTIwMDAwMDAwMDAwMH19"
        }
      ]
    },
    {
      "module": "module.vpc.module.subnets[\"dev_testing_vpc\"]",
      "mode": "managed",
      "type": "google_compute_router",
      "name": "router",
      "provider": "provider[\"registry.terraform.io/hashicorp/google\"]",
      "instances": [
        {
          "index_key": "aks_subnet",
          "schema_version": 0,
          "attributes": {
            "bgp": [],
            "creation_timestamp": "2024-06-12T21:59:30.535-07:00",
            "description": "",
            "encrypted_interconnect_router": false,
            "id": "projects/base-gcp-421210/regions/us-central1/routers/aks-router1",
            "name": "aks-router1",
            "network": "https://www.googleapis.com/compute/v1/projects/base-gcp-421210/global/networks/dev-testing-vpc1",
            "project": "base-gcp-421210",
            "region": "us-central1",
            "self_link": "https://www.googleapis.com/compute/v1/projects/base-gcp-421210/regions/us-central1/routers/aks-router1",
            "timeouts": null
          },
          "sensitive_attributes": [],
          "private": "eyJlMmJmYjczMC1lY2FhLTExZTYtOGY4OC0zNDM2M2JjN2M0YzAiOnsiY3JlYXRlIjoxMjAwMDAwMDAwMDAwLCJkZWxldGUiOjEyMDAwMDAwMDAwMDAsInVwZGF0ZSI6MTIwMDAwMDAwMDAwMH19",
          "dependencies": [
            "module.vpc.google_compute_network.vpc_network"
          ]
        }
      ]
    },
    {
      "module": "module.vpc.module.subnets[\"dev_testing_vpc\"]",
      "mode": "managed",
      "type": "google_compute_router_nat",
      "name": "nat",
      "provider": "provider[\"registry.terraform.io/hashicorp/google-beta\"]",
      "instances": [
        {
          "index_key": "aks_subnet",
          "schema_version": 0,
          "attributes": {
            "auto_network_tier": "PREMIUM",
            "drain_nat_ips": null,
            "enable_dynamic_port_allocation": false,
            "enable_endpoint_independent_mapping": false,
            "endpoint_types": [
              "ENDPOINT_TYPE_VM"
            ],
            "icmp_idle_timeout_sec": 30,
            "id": "base-gcp-421210/us-central1/aks-router1/aks-nat1",
            "log_config": [],
            "max_ports_per_vm": 0,
            "min_ports_per_vm": 0,
            "name": "aks-nat1",
            "nat_ip_allocate_option": "AUTO_ONLY",
            "nat_ips": null,
            "project": "base-gcp-421210",
            "region": "us-central1",
            "router": "aks-router1",
            "rules": [],
            "source_subnetwork_ip_ranges_to_nat": "LIST_OF_SUBNETWORKS",
            "subnetwork": [
              {
                "name": "projects/base-gcp-421210/regions/us-central1/subnetworks/aks-subnet1",
                "secondary_ip_range_names": [],
                "source_ip_ranges_to_nat": [
                  "ALL_IP_RANGES"
                ]
              }
            ],
            "tcp_established_idle_timeout_sec": 1200,
            "tcp_time_wait_timeout_sec": 120,
            "tcp_transitory_idle_timeout_sec": 30,
            "timeouts": null,
            "type": "PUBLIC",
            "udp_idle_timeout_sec": 30
          },
          "sensitive_attributes": [],
          "private": "eyJlMmJmYjczMC1lY2FhLTExZTYtOGY4OC0zNDM2M2JjN2M0YzAiOnsiY3JlYXRlIjoxMjAwMDAwMDAwMDAwLCJkZWxldGUiOjEyMDAwMDAwMDAwMDAsInVwZGF0ZSI6MTIwMDAwMDAwMDAwMH19",
          "dependencies": [
            "module.vpc.google_compute_network.vpc_network",
            "module.vpc.module.subnets.google_compute_router.router",
            "module.vpc.module.subnets.google_compute_subnetwork.vpc_subnet"
          ]
        }
      ]
    },
    {
      "module": "module.vpc.module.subnets[\"dev_testing_vpc\"]",
      "mode": "managed",
      "type": "google_compute_subnetwork",
      "name": "vpc_subnet",
      "provider": "provider[\"registry.terraform.io/hashicorp/google\"]",
      "instances": [
        {
          "index_key": "aks_subnet",
          "schema_version": 0,
          "attributes": {
            "creation_timestamp": "2024-06-12T21:59:30.675-07:00",
            "description": "",
            "external_ipv6_prefix": "",
            "fingerprint": null,
            "gateway_address": "10.2.0.1",
            "id": "projects/base-gcp-421210/regions/us-central1/subnetworks/aks-subnet1",
            "internal_ipv6_prefix": "",
            "ip_cidr_range": "10.2.0.0/24",
            "ipv6_access_type": "",
            "ipv6_cidr_range": "",
            "log_config": [],
            "name": "aks-subnet1",
            "network": "https://www.googleapis.com/compute/v1/projects/base-gcp-421210/global/networks/dev-testing-vpc1",
            "private_ip_google_access": true,
            "private_ipv6_google_access": "DISABLE_GOOGLE_ACCESS",
            "project": "base-gcp-421210",
            "purpose": "PRIVATE",
            "region": "us-central1",
            "role": "",
            "secondary_ip_range": [],
            "self_link": "https://www.googleapis.com/compute/v1/projects/base-gcp-421210/regions/us-central1/subnetworks/aks-subnet1",
            "stack_type": "IPV4_ONLY",
            "timeouts": null
          },
          "sensitive_attributes": [],
          "private": "eyJlMmJmYjczMC1lY2FhLTExZTYtOGY4OC0zNDM2M2JjN2M0YzAiOnsiY3JlYXRlIjoxMjAwMDAwMDAwMDAwLCJkZWxldGUiOjEyMDAwMDAwMDAwMDAsInVwZGF0ZSI6MTIwMDAwMDAwMDAwMH19",
          "dependencies": [
            "module.vpc.google_compute_network.vpc_network"
          ]
        },
        {
          "index_key": "postgres_subnet",
          "schema_version": 0,
          "attributes": {
            "creation_timestamp": "2024-06-12T21:59:30.703-07:00",
            "description": "",
            "external_ipv6_prefix": "",
            "fingerprint": null,
            "gateway_address": "10.2.2.1",
            "id": "projects/base-gcp-421210/regions/us-central1/subnetworks/postgres-subnet1",
            "internal_ipv6_prefix": "",
            "ip_cidr_range": "10.2.2.0/24",
            "ipv6_access_type": "",
            "ipv6_cidr_range": "",
            "log_config": [],
            "name": "postgres-subnet1",
            "network": "https://www.googleapis.com/compute/v1/projects/base-gcp-421210/global/networks/dev-testing-vpc1",
            "private_ip_google_access": false,
            "private_ipv6_google_access": "DISABLE_GOOGLE_ACCESS",
            "project": "base-gcp-421210",
            "purpose": "PRIVATE",
            "region": "us-central1",
            "role": "",
            "secondary_ip_range": [],
            "self_link": "https://www.googleapis.com/compute/v1/projects/base-gcp-421210/regions/us-central1/subnetworks/postgres-subnet1",
            "stack_type": "IPV4_ONLY",
            "timeouts": null
          },
          "sensitive_attributes": [],
          "private": "eyJlMmJmYjczMC1lY2FhLTExZTYtOGY4OC0zNDM2M2JjN2M0YzAiOnsiY3JlYXRlIjoxMjAwMDAwMDAwMDAwLCJkZWxldGUiOjEyMDAwMDAwMDAwMDAsInVwZGF0ZSI6MTIwMDAwMDAwMDAwMH19",
          "dependencies": [
            "module.vpc.google_compute_network.vpc_network"
          ]
        },
        {
          "index_key": "sql_subnet",
          "schema_version": 0,
          "attributes": {
            "creation_timestamp": "2024-06-12T21:59:30.603-07:00",
            "description": "",
            "external_ipv6_prefix": "",
            "fingerprint": null,
            "gateway_address": "10.2.1.1",
            "id": "projects/base-gcp-421210/regions/us-central1/subnetworks/sql-subnet1",
            "internal_ipv6_prefix": "",
            "ip_cidr_range": "10.2.1.0/24",
            "ipv6_access_type": "",
            "ipv6_cidr_range": "",
            "log_config": [],
            "name": "sql-subnet1",
            "network": "https://www.googleapis.com/compute/v1/projects/base-gcp-421210/global/networks/dev-testing-vpc1",
            "private_ip_google_access": false,
            "private_ipv6_google_access": "DISABLE_GOOGLE_ACCESS",
            "project": "base-gcp-421210",
            "purpose": "PRIVATE",
            "region": "us-central1",
            "role": "",
            "secondary_ip_range": [],
            "self_link": "https://www.googleapis.com/compute/v1/projects/base-gcp-421210/regions/us-central1/subnetworks/sql-subnet1",
            "stack_type": "IPV4_ONLY",
            "timeouts": null
          },
          "sensitive_attributes": [],
          "private": "eyJlMmJmYjczMC1lY2FhLTExZTYtOGY4OC0zNDM2M2JjN2M0YzAiOnsiY3JlYXRlIjoxMjAwMDAwMDAwMDAwLCJkZWxldGUiOjEyMDAwMDAwMDAwMDAsInVwZGF0ZSI6MTIwMDAwMDAwMDAwMH19",
          "dependencies": [
            "module.vpc.google_compute_network.vpc_network"
          ]
        }
      ]
    },
    {
      "module": "module.vpc.module.subnets[\"dev_testing_vpc\"].module.firewalls[\"aks_subnet\"]",
      "mode": "managed",
      "type": "google_compute_firewall",
      "name": "vpc_firewall",
      "provider": "provider[\"registry.terraform.io/hashicorp/google\"]",
      "instances": [
        {
          "index_key": "firewall_Egress",
          "schema_version": 1,
          "attributes": {
            "allow": [
              {
                "ports": [],
                "protocol": "all"
              }
            ],
            "creation_timestamp": "2024-06-12T21:59:45.557-07:00",
            "deny": [],
            "description": "",
            "destination_ranges": [
              "10.1.0.0/24"
            ],
            "direction": "EGRESS",
            "disabled": false,
            "enable_logging": null,
            "id": "projects/base-gcp-421210/global/firewalls/aks-egress1",
            "log_config": [],
            "name": "aks-egress1",
            "network": "https://www.googleapis.com/compute/v1/projects/base-gcp-421210/global/networks/dev-testing-vpc1",
            "priority": 1000,
            "project": "base-gcp-421210",
            "self_link": "https://www.googleapis.com/compute/v1/projects/base-gcp-421210/global/firewalls/aks-egress1",
            "source_ranges": null,
            "source_service_accounts": null,
            "source_tags": null,
            "target_service_accounts": null,
            "target_tags": null,
            "timeouts": null
          },
          "sensitive_attributes": [],
          "private": "eyJlMmJmYjczMC1lY2FhLTExZTYtOGY4OC0zNDM2M2JjN2M0YzAiOnsiY3JlYXRlIjoxMjAwMDAwMDAwMDAwLCJkZWxldGUiOjEyMDAwMDAwMDAwMDAsInVwZGF0ZSI6MTIwMDAwMDAwMDAwMH0sInNjaGVtYV92ZXJzaW9uIjoiMSJ9",
          "dependencies": [
            "module.vpc.google_compute_network.vpc_network",
            "module.vpc.module.subnets.google_compute_subnetwork.vpc_subnet"
          ]
        },
        {
          "index_key": "firewall_Ingress",
          "schema_version": 1,
          "attributes": {
            "allow": [
              {
                "ports": [],
                "protocol": "all"
              }
            ],
            "creation_timestamp": "2024-06-12T21:59:45.569-07:00",
            "deny": [],
            "description": "",
            "destination_ranges": [],
            "direction": "INGRESS",
            "disabled": false,
            "enable_logging": null,
            "id": "projects/base-gcp-421210/global/firewalls/aks-ingress1",
            "log_config": [],
            "name": "aks-ingress1",
            "network": "https://www.googleapis.com/compute/v1/projects/base-gcp-421210/global/networks/dev-testing-vpc1",
            "priority": 1000,
            "project": "base-gcp-421210",
            "self_link": "https://www.googleapis.com/compute/v1/projects/base-gcp-421210/global/firewalls/aks-ingress1",
            "source_ranges": [
              "10.1.0.0/24"
            ],
            "source_service_accounts": null,
            "source_tags": null,
            "target_service_accounts": null,
            "target_tags": null,
            "timeouts": null
          },
          "sensitive_attributes": [],
          "private": "eyJlMmJmYjczMC1lY2FhLTExZTYtOGY4OC0zNDM2M2JjN2M0YzAiOnsiY3JlYXRlIjoxMjAwMDAwMDAwMDAwLCJkZWxldGUiOjEyMDAwMDAwMDAwMDAsInVwZGF0ZSI6MTIwMDAwMDAwMDAwMH0sInNjaGVtYV92ZXJzaW9uIjoiMSJ9",
          "dependencies": [
            "module.vpc.google_compute_network.vpc_network",
            "module.vpc.module.subnets.google_compute_subnetwork.vpc_subnet"
          ]
        }
      ]
    },
    {
      "module": "module.vpc.module.subnets[\"dev_testing_vpc\"].module.firewalls[\"sql_subnet\"]",
      "mode": "managed",
      "type": "google_compute_firewall",
      "name": "vpc_firewall",
      "provider": "provider[\"registry.terraform.io/hashicorp/google\"]",
      "instances": [
        {
          "index_key": "firewall_Egress",
          "schema_version": 1,
          "attributes": {
            "allow": [
              {
                "ports": [],
                "protocol": "all"
              }
            ],
            "creation_timestamp": "2024-06-12T21:59:45.574-07:00",
            "deny": [],
            "description": "",
            "destination_ranges": [
              "10.1.1.0/24"
            ],
            "direction": "EGRESS",
            "disabled": false,
            "enable_logging": null,
            "id": "projects/base-gcp-421210/global/firewalls/sql-egress1",
            "log_config": [],
            "name": "sql-egress1",
            "network": "https://www.googleapis.com/compute/v1/projects/base-gcp-421210/global/networks/dev-testing-vpc1",
            "priority": 1000,
            "project": "base-gcp-421210",
            "self_link": "https://www.googleapis.com/compute/v1/projects/base-gcp-421210/global/firewalls/sql-egress1",
            "source_ranges": null,
            "source_service_accounts": null,
            "source_tags": null,
            "target_service_accounts": null,
            "target_tags": null,
            "timeouts": null
          },
          "sensitive_attributes": [],
          "private": "eyJlMmJmYjczMC1lY2FhLTExZTYtOGY4OC0zNDM2M2JjN2M0YzAiOnsiY3JlYXRlIjoxMjAwMDAwMDAwMDAwLCJkZWxldGUiOjEyMDAwMDAwMDAwMDAsInVwZGF0ZSI6MTIwMDAwMDAwMDAwMH0sInNjaGVtYV92ZXJzaW9uIjoiMSJ9",
          "dependencies": [
            "module.vpc.google_compute_network.vpc_network",
            "module.vpc.module.subnets.google_compute_subnetwork.vpc_subnet"
          ]
        },
        {
          "index_key": "firewall_Ingress",
          "schema_version": 1,
          "attributes": {
            "allow": [
              {
                "ports": [],
                "protocol": "all"
              }
            ],
            "creation_timestamp": "2024-06-12T21:59:45.662-07:00",
            "deny": [],
            "description": "",
            "destination_ranges": [],
            "direction": "INGRESS",
            "disabled": false,
            "enable_logging": null,
            "id": "projects/base-gcp-421210/global/firewalls/sql-ingress1",
            "log_config": [],
            "name": "sql-ingress1",
            "network": "https://www.googleapis.com/compute/v1/projects/base-gcp-421210/global/networks/dev-testing-vpc1",
            "priority": 1000,
            "project": "base-gcp-421210",
            "self_link": "https://www.googleapis.com/compute/v1/projects/base-gcp-421210/global/firewalls/sql-ingress1",
            "source_ranges": [
              "10.1.1.0/24"
            ],
            "source_service_accounts": null,
            "source_tags": null,
            "target_service_accounts": null,
            "target_tags": null,
            "timeouts": null
          },
          "sensitive_attributes": [],
          "private": "eyJlMmJmYjczMC1lY2FhLTExZTYtOGY4OC0zNDM2M2JjN2M0YzAiOnsiY3JlYXRlIjoxMjAwMDAwMDAwMDAwLCJkZWxldGUiOjEyMDAwMDAwMDAwMDAsInVwZGF0ZSI6MTIwMDAwMDAwMDAwMH0sInNjaGVtYV92ZXJzaW9uIjoiMSJ9",
          "dependencies": [
            "module.vpc.google_compute_network.vpc_network",
            "module.vpc.module.subnets.google_compute_subnetwork.vpc_subnet"
          ]
        }
      ]
    },
    {
      "module": "module.vpc.module.subnets[\"operations_vpc\"]",
      "mode": "managed",
      "type": "google_compute_subnetwork",
      "name": "vpc_subnet",
      "provider": "provider[\"registry.terraform.io/hashicorp/google\"]",
      "instances": [
        {
          "index_key": "gateway_subnet",
          "schema_version": 0,
          "attributes": {
            "creation_timestamp": "2024-06-12T21:59:30.609-07:00",
            "description": "",
            "external_ipv6_prefix": "",
            "fingerprint": null,
            "gateway_address": "10.3.0.1",
            "id": "projects/base-gcp-421210/regions/us-central1/subnetworks/gateway-subnet1",
            "internal_ipv6_prefix": "",
            "ip_cidr_range": "10.3.0.0/28",
            "ipv6_access_type": "",
            "ipv6_cidr_range": "",
            "log_config": [],
            "name": "gateway-subnet1",
            "network": "https://www.googleapis.com/compute/v1/projects/base-gcp-421210/global/networks/operations-vpc1",
            "private_ip_google_access": false,
            "private_ipv6_google_access": "DISABLE_GOOGLE_ACCESS",
            "project": "base-gcp-421210",
            "purpose": "PRIVATE",
            "region": "us-central1",
            "role": "",
            "secondary_ip_range": [],
            "self_link": "https://www.googleapis.com/compute/v1/projects/base-gcp-421210/regions/us-central1/subnetworks/gateway-subnet1",
            "stack_type": "IPV4_ONLY",
            "timeouts": null
          },
          "sensitive_attributes": [],
          "private": "eyJlMmJmYjczMC1lY2FhLTExZTYtOGY4OC0zNDM2M2JjN2M0YzAiOnsiY3JlYXRlIjoxMjAwMDAwMDAwMDAwLCJkZWxldGUiOjEyMDAwMDAwMDAwMDAsInVwZGF0ZSI6MTIwMDAwMDAwMDAwMH19",
          "dependencies": [
            "module.vpc.google_compute_network.vpc_network"
          ]
        },
        {
          "index_key": "jumphost_subnet",
          "schema_version": 0,
          "attributes": {
            "creation_timestamp": "2024-06-12T21:59:29.563-07:00",
            "description": "",
            "external_ipv6_prefix": "",
            "fingerprint": null,
            "gateway_address": "10.1.0.1",
            "id": "projects/base-gcp-421210/regions/us-central1/subnetworks/jumphost-subnet1",
            "internal_ipv6_prefix": "",
            "ip_cidr_range": "10.1.0.0/16",
            "ipv6_access_type": "",
            "ipv6_cidr_range": "",
            "log_config": [],
            "name": "jumphost-subnet1",
            "network": "https://www.googleapis.com/compute/v1/projects/base-gcp-421210/global/networks/operations-vpc1",
            "private_ip_google_access": false,
            "private_ipv6_google_access": "DISABLE_GOOGLE_ACCESS",
            "project": "base-gcp-421210",
            "purpose": "PRIVATE",
            "region": "us-central1",
            "role": "",
            "secondary_ip_range": [],
            "self_link": "https://www.googleapis.com/compute/v1/projects/base-gcp-421210/regions/us-central1/subnetworks/jumphost-subnet1",
            "stack_type": "IPV4_ONLY",
            "timeouts": null
          },
          "sensitive_attributes": [],
          "private": "eyJlMmJmYjczMC1lY2FhLTExZTYtOGY4OC0zNDM2M2JjN2M0YzAiOnsiY3JlYXRlIjoxMjAwMDAwMDAwMDAwLCJkZWxldGUiOjEyMDAwMDAwMDAwMDAsInVwZGF0ZSI6MTIwMDAwMDAwMDAwMH19",
          "dependencies": [
            "module.vpc.google_compute_network.vpc_network"
          ]
        }
      ]
    },
    {
      "module": "module.vpc.module.subnets[\"operations_vpc\"].module.firewalls[\"gateway_subnet\"]",
      "mode": "managed",
      "type": "google_compute_firewall",
      "name": "vpc_firewall",
      "provider": "provider[\"registry.terraform.io/hashicorp/google\"]",
      "instances": [
        {
          "index_key": "firewall_Egress",
          "schema_version": 1,
          "attributes": {
            "allow": [
              {
                "ports": [],
                "protocol": "all"
              }
            ],
            "creation_timestamp": "2024-06-12T21:59:45.618-07:00",
            "deny": [],
            "description": "",
            "destination_ranges": [
              "0.0.0.0/0"
            ],
            "direction": "EGRESS",
            "disabled": false,
            "enable_logging": null,
            "id": "projects/base-gcp-421210/global/firewalls/gateway-egress1",
            "log_config": [],
            "name": "gateway-egress1",
            "network": "https://www.googleapis.com/compute/v1/projects/base-gcp-421210/global/networks/operations-vpc1",
            "priority": 1000,
            "project": "base-gcp-421210",
            "self_link": "https://www.googleapis.com/compute/v1/projects/base-gcp-421210/global/firewalls/gateway-egress1",
            "source_ranges": null,
            "source_service_accounts": null,
            "source_tags": null,
            "target_service_accounts": null,
            "target_tags": null,
            "timeouts": null
          },
          "sensitive_attributes": [],
          "private": "eyJlMmJmYjczMC1lY2FhLTExZTYtOGY4OC0zNDM2M2JjN2M0YzAiOnsiY3JlYXRlIjoxMjAwMDAwMDAwMDAwLCJkZWxldGUiOjEyMDAwMDAwMDAwMDAsInVwZGF0ZSI6MTIwMDAwMDAwMDAwMH0sInNjaGVtYV92ZXJzaW9uIjoiMSJ9",
          "dependencies": [
            "module.vpc.google_compute_network.vpc_network",
            "module.vpc.module.subnets.google_compute_subnetwork.vpc_subnet"
          ]
        },
        {
          "index_key": "firewall_Ingress",
          "schema_version": 1,
          "attributes": {
            "allow": [
              {
                "ports": [],
                "protocol": "all"
              }
            ],
            "creation_timestamp": "2024-06-12T21:59:45.668-07:00",
            "deny": [],
            "description": "",
            "destination_ranges": [],
            "direction": "INGRESS",
            "disabled": false,
            "enable_logging": null,
            "id": "projects/base-gcp-421210/global/firewalls/gateway-ingress1",
            "log_config": [],
            "name": "gateway-ingress1",
            "network": "https://www.googleapis.com/compute/v1/projects/base-gcp-421210/global/networks/operations-vpc1",
            "priority": 1000,
            "project": "base-gcp-421210",
            "self_link": "https://www.googleapis.com/compute/v1/projects/base-gcp-421210/global/firewalls/gateway-ingress1",
            "source_ranges": [
              "0.0.0.0/0"
            ],
            "source_service_accounts": null,
            "source_tags": null,
            "target_service_accounts": null,
            "target_tags": null,
            "timeouts": null
          },
          "sensitive_attributes": [],
          "private": "eyJlMmJmYjczMC1lY2FhLTExZTYtOGY4OC0zNDM2M2JjN2M0YzAiOnsiY3JlYXRlIjoxMjAwMDAwMDAwMDAwLCJkZWxldGUiOjEyMDAwMDAwMDAwMDAsInVwZGF0ZSI6MTIwMDAwMDAwMDAwMH0sInNjaGVtYV92ZXJzaW9uIjoiMSJ9",
          "dependencies": [
            "module.vpc.google_compute_network.vpc_network",
            "module.vpc.module.subnets.google_compute_subnetwork.vpc_subnet"
          ]
        }
      ]
    },
    {
      "module": "module.vpc.module.subnets[\"operations_vpc\"].module.firewalls[\"jumphost_subnet\"]",
      "mode": "managed",
      "type": "google_compute_firewall",
      "name": "vpc_firewall",
      "provider": "provider[\"registry.terraform.io/hashicorp/google\"]",
      "instances": [
        {
          "index_key": "firewall_Egress",
          "schema_version": 1,
          "attributes": {
            "allow": [
              {
                "ports": [],
                "protocol": "all"
              }
            ],
            "creation_timestamp": "2024-06-12T21:59:45.554-07:00",
            "deny": [],
            "description": "",
            "destination_ranges": [
              "0.0.0.0/0"
            ],
            "direction": "EGRESS",
            "disabled": false,
            "enable_logging": null,
            "id": "projects/base-gcp-421210/global/firewalls/jumphost-egress1",
            "log_config": [],
            "name": "jumphost-egress1",
            "network": "https://www.googleapis.com/compute/v1/projects/base-gcp-421210/global/networks/operations-vpc1",
            "priority": 1000,
            "project": "base-gcp-421210",
            "self_link": "https://www.googleapis.com/compute/v1/projects/base-gcp-421210/global/firewalls/jumphost-egress1",
            "source_ranges": null,
            "source_service_accounts": null,
            "source_tags": null,
            "target_service_accounts": null,
            "target_tags": null,
            "timeouts": null
          },
          "sensitive_attributes": [],
          "private": "eyJlMmJmYjczMC1lY2FhLTExZTYtOGY4OC0zNDM2M2JjN2M0YzAiOnsiY3JlYXRlIjoxMjAwMDAwMDAwMDAwLCJkZWxldGUiOjEyMDAwMDAwMDAwMDAsInVwZGF0ZSI6MTIwMDAwMDAwMDAwMH0sInNjaGVtYV92ZXJzaW9uIjoiMSJ9",
          "dependencies": [
            "module.vpc.google_compute_network.vpc_network",
            "module.vpc.module.subnets.google_compute_subnetwork.vpc_subnet"
          ]
        },
        {
          "index_key": "firewall_Ingress",
          "schema_version": 1,
          "attributes": {
            "allow": [
              {
                "ports": [],
                "protocol": "all"
              }
            ],
            "creation_timestamp": "2024-06-12T21:59:45.589-07:00",
            "deny": [],
            "description": "",
            "destination_ranges": [],
            "direction": "INGRESS",
            "disabled": false,
            "enable_logging": null,
            "id": "projects/base-gcp-421210/global/firewalls/jumphost-ingress1",
            "log_config": [],
            "name": "jumphost-ingress1",
            "network": "https://www.googleapis.com/compute/v1/projects/base-gcp-421210/global/networks/operations-vpc1",
            "priority": 1000,
            "project": "base-gcp-421210",
            "self_link": "https://www.googleapis.com/compute/v1/projects/base-gcp-421210/global/firewalls/jumphost-ingress1",
            "source_ranges": [
              "0.0.0.0/0"
            ],
            "source_service_accounts": null,
            "source_tags": null,
            "target_service_accounts": null,
            "target_tags": null,
            "timeouts": null
          },
          "sensitive_attributes": [],
          "private": "eyJlMmJmYjczMC1lY2FhLTExZTYtOGY4OC0zNDM2M2JjN2M0YzAiOnsiY3JlYXRlIjoxMjAwMDAwMDAwMDAwLCJkZWxldGUiOjEyMDAwMDAwMDAwMDAsInVwZGF0ZSI6MTIwMDAwMDAwMDAwMH0sInNjaGVtYV92ZXJzaW9uIjoiMSJ9",
          "dependencies": [
            "module.vpc.google_compute_network.vpc_network",
            "module.vpc.module.subnets.google_compute_subnetwork.vpc_subnet"
          ]
        }
      ]
    }
  ],
  "check_results": [
    {
      "object_kind": "var",
      "config_addr": "var.region",
      "status": "pass",
      "objects": [
        {
          "object_addr": "var.region",
          "status": "pass"
        }
      ]
    },
    {
      "object_kind": "resource",
      "config_addr": "module.vpc.google_compute_network.vpc_network",
      "status": "pass",
      "objects": [
        {
          "object_addr": "module.vpc.google_compute_network.vpc_network[\"dev_testing_vpc\"]",
          "status": "pass"
        },
        {
          "object_addr": "module.vpc.google_compute_network.vpc_network[\"operations_vpc\"]",
          "status": "pass"
        }
      ]
    },
    {
      "object_kind": "var",
      "config_addr": "module.vpc.module.subnets.var.vpc_name",
      "status": "pass",
      "objects": [
        {
          "object_addr": "module.vpc.module.subnets[\"dev_testing_vpc\"].var.vpc_name",
          "status": "pass"
        },
        {
          "object_addr": "module.vpc.module.subnets[\"operations_vpc\"].var.vpc_name",
          "status": "pass"
        }
      ]
    },
    {
      "object_kind": "var",
      "config_addr": "var.project",
      "status": "pass",
      "objects": [
        {
          "object_addr": "var.project",
          "status": "pass"
        }
      ]
    }
  ]
}
