{
  "version": 4,
  "terraform_version": "1.8.2",
  "serial": 561,
  "lineage": "7dddaec8-315b-b99d-2276-ecffbb9d57ff",
  "outputs": {
    "jumphost_public_ip": {
      "value": "34.132.141.26",
      "type": "string"
    },
    "peering1_created": {
      "value": true,
      "type": "bool"
    },
    "peering1_status": {
      "value": "INACTIVE",
      "type": "string"
    },
    "peering2_created": {
      "value": true,
      "type": "bool"
    },
    "peering2_status": {
      "value": "ACTIVE",
      "type": "string"
    },
    "vm_created": {
      "value": true,
      "type": "bool"
    },
    "vpn_gateway_created": {
      "value": true,
      "type": "bool"
    }
  },
  "resources": [
    {
      "module": "module.landing_zone",
      "mode": "data",
      "type": "google_compute_image",
      "name": "my_image",
      "provider": "provider[\"registry.terraform.io/hashicorp/google\"]",
      "instances": [
        {
          "schema_version": 0,
          "attributes": {
            "archive_size_bytes": 742572864,
            "creation_timestamp": "2024-05-16T23:41:35.575-07:00",
            "description": "",
            "disk_size_gb": 10,
            "family": "",
            "filter": null,
            "id": "projects/base-gcp-421210/global/images/image-1",
            "image_encryption_key_sha256": "",
            "image_id": "651482585547621104",
            "label_fingerprint": "42WmSpB8rSM=",
            "labels": {},
            "licenses": [
              "https://www.googleapis.com/compute/v1/projects/debian-cloud/global/licenses/debian-12-bookworm"
            ],
            "most_recent": false,
            "name": "image-1",
            "project": "base-gcp-421210",
            "self_link": "https://www.googleapis.com/compute/v1/projects/base-gcp-421210/global/images/image-1",
            "source_disk": "https://www.googleapis.com/compute/v1/projects/base-gcp-421210/zones/us-central1-a/disks/image-to-be-vm",
            "source_disk_encryption_key_sha256": "",
            "source_disk_id": "1250896467714589699",
            "source_image_id": "",
            "status": "READY"
          },
          "sensitive_attributes": []
        }
      ]
    },
    {
      "module": "module.landing_zone",
      "mode": "managed",
      "type": "google_compute_firewall",
      "name": "firewall1",
      "provider": "provider[\"registry.terraform.io/hashicorp/google\"]",
      "instances": [
        {
          "schema_version": 1,
          "attributes": {
            "allow": [
              {
                "ports": [],
                "protocol": "all"
              }
            ],
            "creation_timestamp": "2024-05-31T02:33:34.416-07:00",
            "deny": [],
            "description": "",
            "destination_ranges": [],
            "direction": "INGRESS",
            "disabled": false,
            "enable_logging": null,
            "id": "projects/base-gcp-421210/global/firewalls/firewall1",
            "log_config": [],
            "name": "firewall1",
            "network": "https://www.googleapis.com/compute/v1/projects/base-gcp-421210/global/networks/peering-vpc1",
            "priority": 1000,
            "project": "base-gcp-421210",
            "self_link": "https://www.googleapis.com/compute/v1/projects/base-gcp-421210/global/firewalls/firewall1",
            "source_ranges": [
              "0.0.0.0/0"
            ],
            "source_service_accounts": null,
            "source_tags": null,
            "target_service_accounts": null,
            "target_tags": null,
            "timeouts": null
          },
          "sensitive_attributes": [],
          "private": "eyJlMmJmYjczMC1lY2FhLTExZTYtOGY4OC0zNDM2M2JjN2M0YzAiOnsiY3JlYXRlIjoxMjAwMDAwMDAwMDAwLCJkZWxldGUiOjEyMDAwMDAwMDAwMDAsInVwZGF0ZSI6MTIwMDAwMDAwMDAwMH0sInNjaGVtYV92ZXJzaW9uIjoiMSJ9",
          "dependencies": [
            "module.landing_zone.google_compute_network.rg_operations_network",
            "module.landing_zone.google_compute_subnetwork.network-with-ip-ranges1"
          ]
        }
      ]
    },
    {
      "module": "module.landing_zone",
      "mode": "managed",
      "type": "google_compute_firewall",
      "name": "firewall2",
      "provider": "provider[\"registry.terraform.io/hashicorp/google\"]",
      "instances": [
        {
          "schema_version": 1,
          "attributes": {
            "allow": [
              {
                "ports": [],
                "protocol": "all"
              }
            ],
            "creation_timestamp": "2024-05-31T02:33:25.161-07:00",
            "deny": [],
            "description": "",
            "destination_ranges": [],
            "direction": "INGRESS",
            "disabled": false,
            "enable_logging": null,
            "id": "projects/base-gcp-421210/global/firewalls/firewall2",
            "log_config": [],
            "name": "firewall2",
            "network": "https://www.googleapis.com/compute/v1/projects/base-gcp-421210/global/networks/peering-vpc2",
            "priority": 1000,
            "project": "base-gcp-421210",
            "self_link": "https://www.googleapis.com/compute/v1/projects/base-gcp-421210/global/firewalls/firewall2",
            "source_ranges": [
              "0.0.0.0/0"
            ],
            "source_service_accounts": null,
            "source_tags": null,
            "target_service_accounts": null,
            "target_tags": null,
            "timeouts": null
          },
          "sensitive_attributes": [],
          "private": "eyJlMmJmYjczMC1lY2FhLTExZTYtOGY4OC0zNDM2M2JjN2M0YzAiOnsiY3JlYXRlIjoxMjAwMDAwMDAwMDAwLCJkZWxldGUiOjEyMDAwMDAwMDAwMDAsInVwZGF0ZSI6MTIwMDAwMDAwMDAwMH0sInNjaGVtYV92ZXJzaW9uIjoiMSJ9",
          "dependencies": [
            "module.landing_zone.google_compute_network.rg_dev_testing_network",
            "module.landing_zone.google_compute_subnetwork.network-with-ip-ranges2"
          ]
        }
      ]
    },
    {
      "module": "module.landing_zone",
      "mode": "managed",
      "type": "google_compute_instance",
      "name": "jumphost_instance",
      "provider": "provider[\"registry.terraform.io/hashicorp/google\"]",
      "instances": [
        {
          "schema_version": 6,
          "attributes": {
            "advanced_machine_features": [],
            "allow_stopping_for_update": null,
            "attached_disk": [],
            "boot_disk": [
              {
                "auto_delete": true,
                "device_name": "persistent-disk-0",
                "disk_encryption_key_raw": "",
                "disk_encryption_key_sha256": "",
                "initialize_params": [
                  {
                    "enable_confidential_compute": false,
                    "image": "https://www.googleapis.com/compute/v1/projects/base-gcp-421210/global/images/image-1",
                    "labels": {},
                    "provisioned_iops": 0,
                    "provisioned_throughput": 0,
                    "resource_manager_tags": null,
                    "size": 10,
                    "type": "pd-standard"
                  }
                ],
                "kms_key_self_link": "",
                "mode": "READ_WRITE",
                "source": "https://www.googleapis.com/compute/v1/projects/base-gcp-421210/zones/us-central1-a/disks/jumphostvm"
              }
            ],
            "can_ip_forward": false,
            "confidential_instance_config": [],
            "cpu_platform": "Intel Broadwell",
            "current_status": "RUNNING",
            "deletion_protection": false,
            "description": "",
            "desired_status": null,
            "effective_labels": {
              "environment": "production",
              "purpose": "jump-server",
              "service": "disp"
            },
            "enable_display": false,
            "guest_accelerator": [],
            "hostname": "",
            "id": "projects/base-gcp-421210/zones/us-central1-a/instances/jumphostvm",
            "instance_id": "7625311388830017408",
            "label_fingerprint": "o-Qi185Xxio=",
            "labels": {
              "environment": "production",
              "purpose": "jump-server",
              "service": "disp"
            },
            "machine_type": "e2-standard-2",
            "metadata": null,
            "metadata_fingerprint": "AXrj3CXdCKE=",
            "metadata_startup_script": null,
            "min_cpu_platform": "",
            "name": "jumphostvm",
            "network_interface": [
              {
                "access_config": [
                  {
                    "nat_ip": "34.132.141.26",
                    "network_tier": "PREMIUM",
                    "public_ptr_domain_name": ""
                  }
                ],
                "alias_ip_range": [],
                "internal_ipv6_prefix_length": 0,
                "ipv6_access_config": [],
                "ipv6_access_type": "",
                "ipv6_address": "",
                "name": "nic0",
                "network": "https://www.googleapis.com/compute/v1/projects/base-gcp-421210/global/networks/peering-vpc1",
                "network_ip": "10.2.0.2",
                "nic_type": "",
                "queue_count": 0,
                "stack_type": "IPV4_ONLY",
                "subnetwork": "https://www.googleapis.com/compute/v1/projects/base-gcp-421210/regions/us-central1/subnetworks/test-subnetwork1",
                "subnetwork_project": "base-gcp-421210"
              }
            ],
            "network_performance_config": [],
            "params": [],
            "project": "base-gcp-421210",
            "reservation_affinity": [],
            "resource_policies": null,
            "scheduling": [
              {
                "automatic_restart": true,
                "instance_termination_action": "",
                "local_ssd_recovery_timeout": [],
                "min_node_cpus": 0,
                "node_affinities": [],
                "on_host_maintenance": "MIGRATE",
                "preemptible": false,
                "provisioning_model": "STANDARD"
              }
            ],
            "scratch_disk": [],
            "self_link": "https://www.googleapis.com/compute/v1/projects/base-gcp-421210/zones/us-central1-a/instances/jumphostvm",
            "service_account": [],
            "shielded_instance_config": [
              {
                "enable_integrity_monitoring": true,
                "enable_secure_boot": false,
                "enable_vtpm": true
              }
            ],
            "tags": [
              "jumphost",
              "ssh-access"
            ],
            "tags_fingerprint": "R4PvYsr7b6U=",
            "terraform_labels": {
              "environment": "production",
              "purpose": "jump-server",
              "service": "disp"
            },
            "timeouts": null,
            "zone": "us-central1-a"
          },
          "sensitive_attributes": [
            [
              {
                "type": "get_attr",
                "value": "boot_disk"
              },
              {
                "type": "index",
                "value": {
                  "value": 0,
                  "type": "number"
                }
              },
              {
                "type": "get_attr",
                "value": "disk_encryption_key_raw"
              }
            ]
          ],
          "private": "eyJlMmJmYjczMC1lY2FhLTExZTYtOGY4OC0zNDM2M2JjN2M0YzAiOnsiY3JlYXRlIjoxMjAwMDAwMDAwMDAwLCJkZWxldGUiOjEyMDAwMDAwMDAwMDAsInVwZGF0ZSI6MTIwMDAwMDAwMDAwMH0sInNjaGVtYV92ZXJzaW9uIjoiNiJ9",
          "dependencies": [
            "module.landing_zone.data.google_compute_image.my_image",
            "module.landing_zone.google_compute_network.rg_operations_network",
            "module.landing_zone.google_compute_subnetwork.network-with-ip-ranges1"
          ]
        }
      ]
    },
    {
      "module": "module.landing_zone",
      "mode": "managed",
      "type": "google_compute_network",
      "name": "rg_dev_testing_network",
      "provider": "provider[\"registry.terraform.io/hashicorp/google\"]",
      "instances": [
        {
          "schema_version": 0,
          "attributes": {
            "auto_create_subnetworks": false,
            "delete_default_routes_on_create": false,
            "description": "",
            "enable_ula_internal_ipv6": false,
            "gateway_ipv4": "",
            "id": "projects/base-gcp-421210/global/networks/peering-vpc2",
            "internal_ipv6_range": "",
            "mtu": 0,
            "name": "peering-vpc2",
            "network_firewall_policy_enforcement_order": "AFTER_CLASSIC_FIREWALL",
            "numeric_id": "8287935047721559977",
            "project": "base-gcp-421210",
            "routing_mode": "REGIONAL",
            "self_link": "https://www.googleapis.com/compute/v1/projects/base-gcp-421210/global/networks/peering-vpc2",
            "timeouts": null
          },
          "sensitive_attributes": [],
          "private": "eyJlMmJmYjczMC1lY2FhLTExZTYtOGY4OC0zNDM2M2JjN2M0YzAiOnsiY3JlYXRlIjoxMjAwMDAwMDAwMDAwLCJkZWxldGUiOjEyMDAwMDAwMDAwMDAsInVwZGF0ZSI6MTIwMDAwMDAwMDAwMH19"
        }
      ]
    },
    {
      "module": "module.landing_zone",
      "mode": "managed",
      "type": "google_compute_network",
      "name": "rg_operations_network",
      "provider": "provider[\"registry.terraform.io/hashicorp/google\"]",
      "instances": [
        {
          "schema_version": 0,
          "attributes": {
            "auto_create_subnetworks": false,
            "delete_default_routes_on_create": false,
            "description": "",
            "enable_ula_internal_ipv6": false,
            "gateway_ipv4": "",
            "id": "projects/base-gcp-421210/global/networks/peering-vpc1",
            "internal_ipv6_range": "",
            "mtu": 0,
            "name": "peering-vpc1",
            "network_firewall_policy_enforcement_order": "AFTER_CLASSIC_FIREWALL",
            "numeric_id": "7298677545421252520",
            "project": "base-gcp-421210",
            "routing_mode": "REGIONAL",
            "self_link": "https://www.googleapis.com/compute/v1/projects/base-gcp-421210/global/networks/peering-vpc1",
            "timeouts": null
          },
          "sensitive_attributes": [],
          "private": "eyJlMmJmYjczMC1lY2FhLTExZTYtOGY4OC0zNDM2M2JjN2M0YzAiOnsiY3JlYXRlIjoxMjAwMDAwMDAwMDAwLCJkZWxldGUiOjEyMDAwMDAwMDAwMDAsInVwZGF0ZSI6MTIwMDAwMDAwMDAwMH19"
        }
      ]
    },
    {
      "module": "module.landing_zone",
      "mode": "managed",
      "type": "google_compute_network_peering",
      "name": "peering1",
      "provider": "provider[\"registry.terraform.io/hashicorp/google\"]",
      "instances": [
        {
          "schema_version": 0,
          "attributes": {
            "export_custom_routes": false,
            "export_subnet_routes_with_public_ip": true,
            "id": "peering-vpc1/peering1",
            "import_custom_routes": false,
            "import_subnet_routes_with_public_ip": false,
            "name": "peering1",
            "network": "https://www.googleapis.com/compute/v1/projects/base-gcp-421210/global/networks/peering-vpc1",
            "peer_network": "https://www.googleapis.com/compute/v1/projects/base-gcp-421210/global/networks/peering-vpc2",
            "stack_type": "IPV4_ONLY",
            "state": "INACTIVE",
            "state_details": "[2024-05-31T02:33:17.893-07:00]: Waiting for peer network to connect.",
            "timeouts": null
          },
          "sensitive_attributes": [],
          "private": "eyJlMmJmYjczMC1lY2FhLTExZTYtOGY4OC0zNDM2M2JjN2M0YzAiOnsiY3JlYXRlIjoyNDAwMDAwMDAwMDAsImRlbGV0ZSI6MjQwMDAwMDAwMDAwLCJ1cGRhdGUiOjI0MDAwMDAwMDAwMH19",
          "dependencies": [
            "module.landing_zone.google_compute_network.rg_dev_testing_network",
            "module.landing_zone.google_compute_network.rg_operations_network"
          ]
        }
      ]
    },
    {
      "module": "module.landing_zone",
      "mode": "managed",
      "type": "google_compute_network_peering",
      "name": "peering2",
      "provider": "provider[\"registry.terraform.io/hashicorp/google\"]",
      "instances": [
        {
          "schema_version": 0,
          "attributes": {
            "export_custom_routes": false,
            "export_subnet_routes_with_public_ip": true,
            "id": "peering-vpc2/peering2",
            "import_custom_routes": false,
            "import_subnet_routes_with_public_ip": false,
            "name": "peering2",
            "network": "https://www.googleapis.com/compute/v1/projects/base-gcp-421210/global/networks/peering-vpc2",
            "peer_network": "https://www.googleapis.com/compute/v1/projects/base-gcp-421210/global/networks/peering-vpc1",
            "stack_type": "IPV4_ONLY",
            "state": "ACTIVE",
            "state_details": "[2024-05-31T02:33:34.222-07:00]: Connected.",
            "timeouts": null
          },
          "sensitive_attributes": [],
          "private": "eyJlMmJmYjczMC1lY2FhLTExZTYtOGY4OC0zNDM2M2JjN2M0YzAiOnsiY3JlYXRlIjoyNDAwMDAwMDAwMDAsImRlbGV0ZSI6MjQwMDAwMDAwMDAwLCJ1cGRhdGUiOjI0MDAwMDAwMDAwMH19",
          "dependencies": [
            "module.landing_zone.google_compute_network.rg_dev_testing_network",
            "module.landing_zone.google_compute_network.rg_operations_network"
          ]
        }
      ]
    },
    {
      "module": "module.landing_zone",
      "mode": "managed",
      "type": "google_compute_subnetwork",
      "name": "network-with-ip-ranges1",
      "provider": "provider[\"registry.terraform.io/hashicorp/google\"]",
      "instances": [
        {
          "schema_version": 0,
          "attributes": {
            "creation_timestamp": "2024-05-31T02:33:18.811-07:00",
            "description": "",
            "external_ipv6_prefix": "",
            "fingerprint": null,
            "gateway_address": "10.2.0.1",
            "id": "projects/base-gcp-421210/regions/us-central1/subnetworks/test-subnetwork1",
            "internal_ipv6_prefix": "",
            "ip_cidr_range": "10.2.0.0/16",
            "ipv6_access_type": "",
            "ipv6_cidr_range": "",
            "log_config": [],
            "name": "test-subnetwork1",
            "network": "https://www.googleapis.com/compute/v1/projects/base-gcp-421210/global/networks/peering-vpc1",
            "private_ip_google_access": false,
            "private_ipv6_google_access": "DISABLE_GOOGLE_ACCESS",
            "project": "base-gcp-421210",
            "purpose": "PRIVATE",
            "region": "us-central1",
            "role": "",
            "secondary_ip_range": [],
            "self_link": "https://www.googleapis.com/compute/v1/projects/base-gcp-421210/regions/us-central1/subnetworks/test-subnetwork1",
            "stack_type": "IPV4_ONLY",
            "timeouts": null
          },
          "sensitive_attributes": [],
          "private": "eyJlMmJmYjczMC1lY2FhLTExZTYtOGY4OC0zNDM2M2JjN2M0YzAiOnsiY3JlYXRlIjoxMjAwMDAwMDAwMDAwLCJkZWxldGUiOjEyMDAwMDAwMDAwMDAsInVwZGF0ZSI6MTIwMDAwMDAwMDAwMH19",
          "dependencies": [
            "module.landing_zone.google_compute_network.rg_operations_network"
          ]
        }
      ]
    },
    {
      "module": "module.landing_zone",
      "mode": "managed",
      "type": "google_compute_subnetwork",
      "name": "network-with-ip-ranges2",
      "provider": "provider[\"registry.terraform.io/hashicorp/google\"]",
      "instances": [
        {
          "schema_version": 0,
          "attributes": {
            "creation_timestamp": "2024-05-31T02:33:09.906-07:00",
            "description": "",
            "external_ipv6_prefix": "",
            "fingerprint": null,
            "gateway_address": "192.168.10.1",
            "id": "projects/base-gcp-421210/regions/us-central1/subnetworks/test-subnetwork2",
            "internal_ipv6_prefix": "",
            "ip_cidr_range": "192.168.10.0/24",
            "ipv6_access_type": "",
            "ipv6_cidr_range": "",
            "log_config": [],
            "name": "test-subnetwork2",
            "network": "https://www.googleapis.com/compute/v1/projects/base-gcp-421210/global/networks/peering-vpc2",
            "private_ip_google_access": false,
            "private_ipv6_google_access": "DISABLE_GOOGLE_ACCESS",
            "project": "base-gcp-421210",
            "purpose": "PRIVATE",
            "region": "us-central1",
            "role": "",
            "secondary_ip_range": [],
            "self_link": "https://www.googleapis.com/compute/v1/projects/base-gcp-421210/regions/us-central1/subnetworks/test-subnetwork2",
            "stack_type": "IPV4_ONLY",
            "timeouts": null
          },
          "sensitive_attributes": [],
          "private": "eyJlMmJmYjczMC1lY2FhLTExZTYtOGY4OC0zNDM2M2JjN2M0YzAiOnsiY3JlYXRlIjoxMjAwMDAwMDAwMDAwLCJkZWxldGUiOjEyMDAwMDAwMDAwMDAsInVwZGF0ZSI6MTIwMDAwMDAwMDAwMH19",
          "dependencies": [
            "module.landing_zone.google_compute_network.rg_dev_testing_network"
          ]
        }
      ]
    },
    {
      "module": "module.landing_zone",
      "mode": "managed",
      "type": "google_compute_vpn_gateway",
      "name": "vpn-gateway",
      "provider": "provider[\"registry.terraform.io/hashicorp/google\"]",
      "instances": [
        {
          "schema_version": 0,
          "attributes": {
            "creation_timestamp": "2024-05-31T02:33:18.716-07:00",
            "description": "",
            "gateway_id": 8658454162586216369,
            "id": "projects/base-gcp-421210/regions/us-central1/targetVpnGateways/vpn-gateway",
            "name": "vpn-gateway",
            "network": "https://www.googleapis.com/compute/v1/projects/base-gcp-421210/global/networks/peering-vpc1",
            "project": "base-gcp-421210",
            "region": "us-central1",
            "self_link": "https://www.googleapis.com/compute/v1/projects/base-gcp-421210/regions/us-central1/targetVpnGateways/vpn-gateway",
            "timeouts": null
          },
          "sensitive_attributes": [],
          "private": "eyJlMmJmYjczMC1lY2FhLTExZTYtOGY4OC0zNDM2M2JjN2M0YzAiOnsiY3JlYXRlIjoxMjAwMDAwMDAwMDAwLCJkZWxldGUiOjEyMDAwMDAwMDAwMDB9fQ==",
          "dependencies": [
            "module.landing_zone.google_compute_network.rg_operations_network"
          ]
        }
      ]
    }
  ],
  "check_results": null
}
